
Microsoft Visual Studio Solution File, Format Version 11.00
# Visual Studio 2010
Project("{FAE04EC0-301F-11D3-BF4B-00C04F79EFBC}") = "alf-2013", "alf-2013\alf-2013.csproj", "{6BF32499-0DAD-42C4-9B89-D79AF25231AE}"
EndProject
Project("{FAE04EC0-301F-11D3-BF4B-00C04F79EFBC}") = "alf-2013.Tests", "alf-2013.Tests\alf-2013.Tests.csproj", "{408FD4DC-777B-462D-A9D4-76B4B10F41F2}"
EndProject
Global
	GlobalSection(SolutionConfigurationPlatforms) = preSolution
		Debug|Any CPU = Debug|Any CPU
		Release|Any CPU = Release|Any CPU
	EndGlobalSection
	GlobalSection(ProjectConfigurationPlatforms) = postSolution
		{6BF32499-0DAD-42C4-9B89-D79AF25231AE}.Debug|Any CPU.ActiveCfg = Debug|Any CPU
		{6BF32499-0DAD-42C4-9B89-D79AF25231AE}.Debug|Any CPU.Build.0 = Debug|Any CPU
		{6BF32499-0DAD-42C4-9B89-D79AF25231AE}.Release|Any CPU.ActiveCfg = Release|Any CPU
		{6BF32499-0DAD-42C4-9B89-D79AF25231AE}.Release|Any CPU.Build.0 = Release|Any CPU
		{408FD4DC-777B-462D-A9D4-76B4B10F41F2}.Debug|Any CPU.ActiveCfg = Debug|Any CPU
		{408FD4DC-777B-462D-A9D4-76B4B10F41F2}.Debug|Any CPU.Build.0 = Debug|Any CPU
		{408FD4DC-777B-462D-A9D4-76B4B10F41F2}.Release|Any CPU.ActiveCfg = Release|Any CPU
		{408FD4DC-777B-462D-A9D4-76B4B10F41F2}.Release|Any CPU.Build.0 = Release|Any CPU
	EndGlobalSection
	GlobalSection(SolutionProperties) = preSolution
		HideSolutionNode = FALSE
	EndGlobalSection
EndGlobal
